// !$*UTF8*$!
{
	archiveVersion = 1;
	classes = {
	};
	objectVersion = 56;
	objects = {

/* Begin PBXBuildFile section */
		5D45F6CC2AAA546900F55F32 /* MemberView.swift in Sources */ = {isa = PBXBuildFile; fileRef = 5D45F6CB2AAA546900F55F32 /* MemberView.swift */; };
		5D45F6CE2AAA6EDF00F55F32 /* ChildSizeReader.swift in Sources */ = {isa = PBXBuildFile; fileRef = 5D45F6CD2AAA6EDF00F55F32 /* ChildSizeReader.swift */; };
		7402CB8B296A099C000BC882 /* Assets.xcassets in Resources */ = {isa = PBXBuildFile; fileRef = 7402CB8A296A099C000BC882 /* Assets.xcassets */; };
		7402CB8E296A099C000BC882 /* Preview Assets.xcassets in Resources */ = {isa = PBXBuildFile; fileRef = 7402CB8D296A099C000BC882 /* Preview Assets.xcassets */; };
		74059E652A9509270080D2B9 /* CloudError.swift in Sources */ = {isa = PBXBuildFile; fileRef = 74059E642A9509270080D2B9 /* CloudError.swift */; };
		74059E672A952BD70080D2B9 /* PersonError.swift in Sources */ = {isa = PBXBuildFile; fileRef = 74059E662A952BD70080D2B9 /* PersonError.swift */; };
		7412BA542A30F3EA0003579A /* JoinView.swift in Sources */ = {isa = PBXBuildFile; fileRef = 7412BA532A30F3EA0003579A /* JoinView.swift */; };
		7412BA562A30F48E0003579A /* CreateView.swift in Sources */ = {isa = PBXBuildFile; fileRef = 7412BA552A30F48E0003579A /* CreateView.swift */; };
		7413E4202A2A1CA900EFA01E /* ParticipantType.swift in Sources */ = {isa = PBXBuildFile; fileRef = 7413E41F2A2A1CA900EFA01E /* ParticipantType.swift */; };
		7413E4282A2A3A3A00EFA01E /* Relationship.swift in Sources */ = {isa = PBXBuildFile; fileRef = 7413E4272A2A3A3A00EFA01E /* Relationship.swift */; };
		744356652A969BE70027A58D /* FetchTask.swift in Sources */ = {isa = PBXBuildFile; fileRef = 744356642A969BE70027A58D /* FetchTask.swift */; };
		744356672A97E65D0027A58D /* HistoryView.swift in Sources */ = {isa = PBXBuildFile; fileRef = 744356662A97E65D0027A58D /* HistoryView.swift */; };
		744356692A97EBA30027A58D /* AddTransactionView.swift in Sources */ = {isa = PBXBuildFile; fileRef = 744356682A97EBA30027A58D /* AddTransactionView.swift */; };
		744C450A29FC53500062B47C /* AppAccess.swift in Sources */ = {isa = PBXBuildFile; fileRef = 744C450929FC53500062B47C /* AppAccess.swift */; };
		744C450C29FC5DCE0062B47C /* JoinSheet.swift in Sources */ = {isa = PBXBuildFile; fileRef = 744C450B29FC5DCE0062B47C /* JoinSheet.swift */; };
		744C451029FC63D80062B47C /* OnboardingView.swift in Sources */ = {isa = PBXBuildFile; fileRef = 744C450F29FC63D80062B47C /* OnboardingView.swift */; };
		7467995729B0DC9100339D5C /* CoffeeculeView.swift in Sources */ = {isa = PBXBuildFile; fileRef = 7467993F29B0DC9100339D5C /* CoffeeculeView.swift */; };
		7467995829B0DC9100339D5C /* WhosGettingCoffee.swift in Sources */ = {isa = PBXBuildFile; fileRef = 7467994029B0DC9100339D5C /* WhosGettingCoffee.swift */; };
		7467995A29B0DC9100339D5C /* ContentView.swift in Sources */ = {isa = PBXBuildFile; fileRef = 7467994229B0DC9100339D5C /* ContentView.swift */; };
		7467995B29B0DC9100339D5C /* CloudDebug.swift in Sources */ = {isa = PBXBuildFile; fileRef = 7467994429B0DC9100339D5C /* CloudDebug.swift */; };
		7467995C29B0DC9100339D5C /* DEBUGCoffeeculeView.swift in Sources */ = {isa = PBXBuildFile; fileRef = 7467994529B0DC9100339D5C /* DEBUGCoffeeculeView.swift */; };
		7467995D29B0DC9100339D5C /* AppDelegate.swift in Sources */ = {isa = PBXBuildFile; fileRef = 7467994629B0DC9100339D5C /* AppDelegate.swift */; };
		7467995F29B0DC9100339D5C /* Person.swift in Sources */ = {isa = PBXBuildFile; fileRef = 7467994929B0DC9100339D5C /* Person.swift */; };
		7467996129B0DC9100339D5C /* CloudReadWrite.swift in Sources */ = {isa = PBXBuildFile; fileRef = 7467994D29B0DC9100339D5C /* CloudReadWrite.swift */; };
		7467996229B0DC9100339D5C /* DummyReadWrite.swift in Sources */ = {isa = PBXBuildFile; fileRef = 7467994E29B0DC9100339D5C /* DummyReadWrite.swift */; };
		7467996329B0DC9100339D5C /* DiskReadWrite.swift in Sources */ = {isa = PBXBuildFile; fileRef = 7467994F29B0DC9100339D5C /* DiskReadWrite.swift */; };
		7467996529B0DC9100339D5C /* Transaction.swift in Sources */ = {isa = PBXBuildFile; fileRef = 7467995229B0DC9100339D5C /* Transaction.swift */; };
		7467996629B0DC9100339D5C /* Repository.swift in Sources */ = {isa = PBXBuildFile; fileRef = 7467995329B0DC9100339D5C /* Repository.swift */; };
		7467996729B0DC9100339D5C /* ViewModel.swift in Sources */ = {isa = PBXBuildFile; fileRef = 7467995529B0DC9100339D5C /* ViewModel.swift */; };
		7478C72829E5FCC8006ED737 /* CloudSharingView.swift in Sources */ = {isa = PBXBuildFile; fileRef = 7478C72729E5FCC8006ED737 /* CloudSharingView.swift */; };
		7478C72A29E5FCE0006ED737 /* SharedContainerDebugView.swift in Sources */ = {isa = PBXBuildFile; fileRef = 7478C72929E5FCE0006ED737 /* SharedContainerDebugView.swift */; };
		748BE4E82AAA0A4600FCA6AE /* RDCoffeeculeView.swift in Sources */ = {isa = PBXBuildFile; fileRef = 748BE4E72AAA0A4600FCA6AE /* RDCoffeeculeView.swift */; };
		748BE4EA2AAA4D8B00FCA6AE /* EqualWidthVStack.swift in Sources */ = {isa = PBXBuildFile; fileRef = 748BE4E92AAA4D8B00FCA6AE /* EqualWidthVStack.swift */; };
		74B0AB3729C35021002DA7BD /* Titles.swift in Sources */ = {isa = PBXBuildFile; fileRef = 74B0AB3629C35021002DA7BD /* Titles.swift */; };
		74BA5F5329E58FEA00C28F2F /* SceneDelegate.swift in Sources */ = {isa = PBXBuildFile; fileRef = 74BA5F5229E58FEA00C28F2F /* SceneDelegate.swift */; };
		74BA5F5529E5902400C28F2F /* PersonService.swift in Sources */ = {isa = PBXBuildFile; fileRef = 74BA5F5429E5902400C28F2F /* PersonService.swift */; };
		74BA5F5729E59A6A00C28F2F /* TransactionService.swift in Sources */ = {isa = PBXBuildFile; fileRef = 74BA5F5629E59A6A00C28F2F /* TransactionService.swift */; };
		74BA5F5C29E5B98500C28F2F /* VMPeople.swift in Sources */ = {isa = PBXBuildFile; fileRef = 74BA5F5B29E5B98500C28F2F /* VMPeople.swift */; };
		74BA5F5E29E5B98D00C28F2F /* VMTransactions.swift in Sources */ = {isa = PBXBuildFile; fileRef = 74BA5F5D29E5B98D00C28F2F /* VMTransactions.swift */; };
		74D0E6282A30B8B100338009 /* VmCloud.swift in Sources */ = {isa = PBXBuildFile; fileRef = 7467995629B0DC9100339D5C /* VmCloud.swift */; };
		74D360652A9D27F50024AC03 /* Date+Extension.swift in Sources */ = {isa = PBXBuildFile; fileRef = 74D360642A9D27F50024AC03 /* Date+Extension.swift */; };
		74D9F46B2AAB479900D651B8 /* MugIcon.swift in Sources */ = {isa = PBXBuildFile; fileRef = 74D9F46A2AAB479900D651B8 /* MugIcon.swift */; };
		74D9F46D2AAB47CD00D651B8 /* UserColor.swift in Sources */ = {isa = PBXBuildFile; fileRef = 74D9F46C2AAB47CD00D651B8 /* UserColor.swift */; };
/* End PBXBuildFile section */

/* Begin PBXFileReference section */
		5D45F6CB2AAA546900F55F32 /* MemberView.swift */ = {isa = PBXFileReference; lastKnownFileType = sourcecode.swift; path = MemberView.swift; sourceTree = "<group>"; };
		5D45F6CD2AAA6EDF00F55F32 /* ChildSizeReader.swift */ = {isa = PBXFileReference; lastKnownFileType = sourcecode.swift; path = ChildSizeReader.swift; sourceTree = "<group>"; };
		7402CB83296A099A000BC882 /* Coffeecule.app */ = {isa = PBXFileReference; explicitFileType = wrapper.application; includeInIndex = 0; path = Coffeecule.app; sourceTree = BUILT_PRODUCTS_DIR; };
		7402CB8A296A099C000BC882 /* Assets.xcassets */ = {isa = PBXFileReference; lastKnownFileType = folder.assetcatalog; path = Assets.xcassets; sourceTree = "<group>"; };
		7402CB8D296A099C000BC882 /* Preview Assets.xcassets */ = {isa = PBXFileReference; lastKnownFileType = folder.assetcatalog; path = "Preview Assets.xcassets"; sourceTree = "<group>"; };
		74059E642A9509270080D2B9 /* CloudError.swift */ = {isa = PBXFileReference; lastKnownFileType = sourcecode.swift; path = CloudError.swift; sourceTree = "<group>"; };
		74059E662A952BD70080D2B9 /* PersonError.swift */ = {isa = PBXFileReference; lastKnownFileType = sourcecode.swift; path = PersonError.swift; sourceTree = "<group>"; };
		7412BA532A30F3EA0003579A /* JoinView.swift */ = {isa = PBXFileReference; lastKnownFileType = sourcecode.swift; path = JoinView.swift; sourceTree = "<group>"; };
		7412BA552A30F48E0003579A /* CreateView.swift */ = {isa = PBXFileReference; lastKnownFileType = sourcecode.swift; path = CreateView.swift; sourceTree = "<group>"; };
		7413E41F2A2A1CA900EFA01E /* ParticipantType.swift */ = {isa = PBXFileReference; lastKnownFileType = sourcecode.swift; path = ParticipantType.swift; sourceTree = "<group>"; };
		7413E4272A2A3A3A00EFA01E /* Relationship.swift */ = {isa = PBXFileReference; lastKnownFileType = sourcecode.swift; path = Relationship.swift; sourceTree = "<group>"; };
		744356642A969BE70027A58D /* FetchTask.swift */ = {isa = PBXFileReference; lastKnownFileType = sourcecode.swift; path = FetchTask.swift; sourceTree = "<group>"; };
		744356662A97E65D0027A58D /* HistoryView.swift */ = {isa = PBXFileReference; lastKnownFileType = sourcecode.swift; path = HistoryView.swift; sourceTree = "<group>"; };
		744356682A97EBA30027A58D /* AddTransactionView.swift */ = {isa = PBXFileReference; lastKnownFileType = sourcecode.swift; path = AddTransactionView.swift; sourceTree = "<group>"; };
		744C450929FC53500062B47C /* AppAccess.swift */ = {isa = PBXFileReference; lastKnownFileType = sourcecode.swift; path = AppAccess.swift; sourceTree = "<group>"; };
		744C450B29FC5DCE0062B47C /* JoinSheet.swift */ = {isa = PBXFileReference; lastKnownFileType = sourcecode.swift; path = JoinSheet.swift; sourceTree = "<group>"; };
		744C450F29FC63D80062B47C /* OnboardingView.swift */ = {isa = PBXFileReference; lastKnownFileType = sourcecode.swift; path = OnboardingView.swift; sourceTree = "<group>"; };
		7459BCDC296AFFB400C637A3 /* Coffeecule.entitlements */ = {isa = PBXFileReference; lastKnownFileType = text.plist.entitlements; path = Coffeecule.entitlements; sourceTree = "<group>"; };
		7467993F29B0DC9100339D5C /* CoffeeculeView.swift */ = {isa = PBXFileReference; fileEncoding = 4; lastKnownFileType = sourcecode.swift; path = CoffeeculeView.swift; sourceTree = "<group>"; };
		7467994029B0DC9100339D5C /* WhosGettingCoffee.swift */ = {isa = PBXFileReference; fileEncoding = 4; lastKnownFileType = sourcecode.swift; path = WhosGettingCoffee.swift; sourceTree = "<group>"; };
		7467994229B0DC9100339D5C /* ContentView.swift */ = {isa = PBXFileReference; fileEncoding = 4; lastKnownFileType = sourcecode.swift; path = ContentView.swift; sourceTree = "<group>"; };
		7467994429B0DC9100339D5C /* CloudDebug.swift */ = {isa = PBXFileReference; fileEncoding = 4; lastKnownFileType = sourcecode.swift; path = CloudDebug.swift; sourceTree = "<group>"; };
		7467994529B0DC9100339D5C /* DEBUGCoffeeculeView.swift */ = {isa = PBXFileReference; fileEncoding = 4; lastKnownFileType = sourcecode.swift; path = DEBUGCoffeeculeView.swift; sourceTree = "<group>"; };
		7467994629B0DC9100339D5C /* AppDelegate.swift */ = {isa = PBXFileReference; fileEncoding = 4; lastKnownFileType = sourcecode.swift; path = AppDelegate.swift; sourceTree = "<group>"; };
		7467994929B0DC9100339D5C /* Person.swift */ = {isa = PBXFileReference; fileEncoding = 4; lastKnownFileType = sourcecode.swift; path = Person.swift; sourceTree = "<group>"; };
		7467994B29B0DC9100339D5C /* ReadWrite.swift */ = {isa = PBXFileReference; fileEncoding = 4; lastKnownFileType = sourcecode.swift; path = ReadWrite.swift; sourceTree = "<group>"; };
		7467994D29B0DC9100339D5C /* CloudReadWrite.swift */ = {isa = PBXFileReference; fileEncoding = 4; lastKnownFileType = sourcecode.swift; path = CloudReadWrite.swift; sourceTree = "<group>"; };
		7467994E29B0DC9100339D5C /* DummyReadWrite.swift */ = {isa = PBXFileReference; fileEncoding = 4; lastKnownFileType = sourcecode.swift; path = DummyReadWrite.swift; sourceTree = "<group>"; };
		7467994F29B0DC9100339D5C /* DiskReadWrite.swift */ = {isa = PBXFileReference; fileEncoding = 4; lastKnownFileType = sourcecode.swift; path = DiskReadWrite.swift; sourceTree = "<group>"; };
		7467995029B0DC9100339D5C /* ReadWriterProtocol.swift */ = {isa = PBXFileReference; fileEncoding = 4; lastKnownFileType = sourcecode.swift; path = ReadWriterProtocol.swift; sourceTree = "<group>"; };
		7467995229B0DC9100339D5C /* Transaction.swift */ = {isa = PBXFileReference; fileEncoding = 4; lastKnownFileType = sourcecode.swift; path = Transaction.swift; sourceTree = "<group>"; };
		7467995329B0DC9100339D5C /* Repository.swift */ = {isa = PBXFileReference; fileEncoding = 4; lastKnownFileType = sourcecode.swift; path = Repository.swift; sourceTree = "<group>"; };
		7467995529B0DC9100339D5C /* ViewModel.swift */ = {isa = PBXFileReference; fileEncoding = 4; lastKnownFileType = sourcecode.swift; path = ViewModel.swift; sourceTree = "<group>"; };
		7467995629B0DC9100339D5C /* VmCloud.swift */ = {isa = PBXFileReference; fileEncoding = 4; lastKnownFileType = sourcecode.swift; path = VmCloud.swift; sourceTree = "<group>"; };
		7478C72729E5FCC8006ED737 /* CloudSharingView.swift */ = {isa = PBXFileReference; lastKnownFileType = sourcecode.swift; path = CloudSharingView.swift; sourceTree = "<group>"; };
		7478C72929E5FCE0006ED737 /* SharedContainerDebugView.swift */ = {isa = PBXFileReference; lastKnownFileType = sourcecode.swift; path = SharedContainerDebugView.swift; sourceTree = "<group>"; };
		7478C72B29E5FD1B006ED737 /* Info.plist */ = {isa = PBXFileReference; lastKnownFileType = text.plist; path = Info.plist; sourceTree = "<group>"; };
		748BE4E72AAA0A4600FCA6AE /* RDCoffeeculeView.swift */ = {isa = PBXFileReference; lastKnownFileType = sourcecode.swift; path = RDCoffeeculeView.swift; sourceTree = "<group>"; };
		748BE4E92AAA4D8B00FCA6AE /* EqualWidthVStack.swift */ = {isa = PBXFileReference; lastKnownFileType = sourcecode.swift; path = EqualWidthVStack.swift; sourceTree = "<group>"; };
		74B0AB3629C35021002DA7BD /* Titles.swift */ = {isa = PBXFileReference; lastKnownFileType = sourcecode.swift; path = Titles.swift; sourceTree = "<group>"; };
		74BA5F5229E58FEA00C28F2F /* SceneDelegate.swift */ = {isa = PBXFileReference; lastKnownFileType = sourcecode.swift; path = SceneDelegate.swift; sourceTree = "<group>"; };
		74BA5F5429E5902400C28F2F /* PersonService.swift */ = {isa = PBXFileReference; lastKnownFileType = sourcecode.swift; path = PersonService.swift; sourceTree = "<group>"; };
		74BA5F5629E59A6A00C28F2F /* TransactionService.swift */ = {isa = PBXFileReference; lastKnownFileType = sourcecode.swift; path = TransactionService.swift; sourceTree = "<group>"; };
		74BA5F5B29E5B98500C28F2F /* VMPeople.swift */ = {isa = PBXFileReference; lastKnownFileType = sourcecode.swift; path = VMPeople.swift; sourceTree = "<group>"; };
		74BA5F5D29E5B98D00C28F2F /* VMTransactions.swift */ = {isa = PBXFileReference; lastKnownFileType = sourcecode.swift; path = VMTransactions.swift; sourceTree = "<group>"; };
		74D360642A9D27F50024AC03 /* Date+Extension.swift */ = {isa = PBXFileReference; lastKnownFileType = sourcecode.swift; path = "Date+Extension.swift"; sourceTree = "<group>"; };
		74D9F46A2AAB479900D651B8 /* MugIcon.swift */ = {isa = PBXFileReference; lastKnownFileType = sourcecode.swift; path = MugIcon.swift; sourceTree = "<group>"; };
		74D9F46C2AAB47CD00D651B8 /* UserColor.swift */ = {isa = PBXFileReference; lastKnownFileType = sourcecode.swift; path = UserColor.swift; sourceTree = "<group>"; };
/* End PBXFileReference section */

/* Begin PBXFrameworksBuildPhase section */
		7402CB80296A099A000BC882 /* Frameworks */ = {
			isa = PBXFrameworksBuildPhase;
			buildActionMask = 2147483647;
			files = (
			);
			runOnlyForDeploymentPostprocessing = 0;
		};
/* End PBXFrameworksBuildPhase section */

/* Begin PBXGroup section */
		7402CB7A296A099A000BC882 = {
			isa = PBXGroup;
			children = (
				7402CB85296A099A000BC882 /* Coffeecule */,
				7402CB84296A099A000BC882 /* Products */,
			);
			sourceTree = "<group>";
		};
		7402CB84296A099A000BC882 /* Products */ = {
			isa = PBXGroup;
			children = (
				7402CB83296A099A000BC882 /* Coffeecule.app */,
			);
			name = Products;
			sourceTree = "<group>";
		};
		7402CB85296A099A000BC882 /* Coffeecule */ = {
			isa = PBXGroup;
			children = (
				7478C72B29E5FD1B006ED737 /* Info.plist */,
				7459BCDC296AFFB400C637A3 /* Coffeecule.entitlements */,
				74D7ADF72A93F3AF00578171 /* Services */,
				74BA5F5129E58F9300C28F2F /* App */,
				7467994729B0DC9100339D5C /* Models */,
				7467995429B0DC9100339D5C /* ViewModel */,
				7467993E29B0DC9100339D5C /* Views */,
				7467994329B0DC9100339D5C /* Debug */,
				7402CB8A296A099C000BC882 /* Assets.xcassets */,
				7402CB8C296A099C000BC882 /* Preview Content */,
			);
			path = Coffeecule;
			sourceTree = "<group>";
		};
		7402CB8C296A099C000BC882 /* Preview Content */ = {
			isa = PBXGroup;
			children = (
				7402CB8D296A099C000BC882 /* Preview Assets.xcassets */,
			);
			path = "Preview Content";
			sourceTree = "<group>";
		};
		7467993E29B0DC9100339D5C /* Views */ = {
			isa = PBXGroup;
			children = (
				7467994229B0DC9100339D5C /* ContentView.swift */,
				7467993F29B0DC9100339D5C /* CoffeeculeView.swift */,
				5D45F6CB2AAA546900F55F32 /* MemberView.swift */,
				748BE4E72AAA0A4600FCA6AE /* RDCoffeeculeView.swift */,
				748BE4E92AAA4D8B00FCA6AE /* EqualWidthVStack.swift */,
				7467994029B0DC9100339D5C /* WhosGettingCoffee.swift */,
				744356662A97E65D0027A58D /* HistoryView.swift */,
				744356682A97EBA30027A58D /* AddTransactionView.swift */,
				7478C72729E5FCC8006ED737 /* CloudSharingView.swift */,
				744C450B29FC5DCE0062B47C /* JoinSheet.swift */,
				744C450F29FC63D80062B47C /* OnboardingView.swift */,
				7412BA552A30F48E0003579A /* CreateView.swift */,
				7412BA532A30F3EA0003579A /* JoinView.swift */,
				5D45F6CD2AAA6EDF00F55F32 /* ChildSizeReader.swift */,
			);
			path = Views;
			sourceTree = "<group>";
		};
		7467994329B0DC9100339D5C /* Debug */ = {
			isa = PBXGroup;
			children = (
				7478C72929E5FCE0006ED737 /* SharedContainerDebugView.swift */,
				7467994429B0DC9100339D5C /* CloudDebug.swift */,
				7467994529B0DC9100339D5C /* DEBUGCoffeeculeView.swift */,
			);
			path = Debug;
			sourceTree = "<group>";
		};
		7467994729B0DC9100339D5C /* Models */ = {
			isa = PBXGroup;
			children = (
				74059E642A9509270080D2B9 /* CloudError.swift */,
				74D9F46A2AAB479900D651B8 /* MugIcon.swift */,
				74D9F46C2AAB47CD00D651B8 /* UserColor.swift */,
				744356642A969BE70027A58D /* FetchTask.swift */,
				74059E662A952BD70080D2B9 /* PersonError.swift */,
				7413E41F2A2A1CA900EFA01E /* ParticipantType.swift */,
				7467994929B0DC9100339D5C /* Person.swift */,
				7413E4272A2A3A3A00EFA01E /* Relationship.swift */,
				7467995229B0DC9100339D5C /* Transaction.swift */,
				7467994A29B0DC9100339D5C /* ReadWriterHelpers */,
				74B0AB3629C35021002DA7BD /* Titles.swift */,
				74D360642A9D27F50024AC03 /* Date+Extension.swift */,
			);
			path = Models;
			sourceTree = "<group>";
		};
		7467994A29B0DC9100339D5C /* ReadWriterHelpers */ = {
			isa = PBXGroup;
			children = (
				7467995029B0DC9100339D5C /* ReadWriterProtocol.swift */,
				7467994B29B0DC9100339D5C /* ReadWrite.swift */,
				7467994C29B0DC9100339D5C /* Old ReadWriters */,
			);
			path = ReadWriterHelpers;
			sourceTree = "<group>";
		};
		7467994C29B0DC9100339D5C /* Old ReadWriters */ = {
			isa = PBXGroup;
			children = (
				7467994D29B0DC9100339D5C /* CloudReadWrite.swift */,
				7467994E29B0DC9100339D5C /* DummyReadWrite.swift */,
				7467994F29B0DC9100339D5C /* DiskReadWrite.swift */,
			);
			path = "Old ReadWriters";
			sourceTree = "<group>";
		};
		7467995429B0DC9100339D5C /* ViewModel */ = {
			isa = PBXGroup;
			children = (
				7467995529B0DC9100339D5C /* ViewModel.swift */,
				74BA5F5B29E5B98500C28F2F /* VMPeople.swift */,
				74BA5F5D29E5B98D00C28F2F /* VMTransactions.swift */,
				7467995629B0DC9100339D5C /* VmCloud.swift */,
			);
			path = ViewModel;
			sourceTree = "<group>";
		};
		74BA5F5129E58F9300C28F2F /* App */ = {
			isa = PBXGroup;
			children = (
				7467994629B0DC9100339D5C /* AppDelegate.swift */,
				74BA5F5229E58FEA00C28F2F /* SceneDelegate.swift */,
				744C450929FC53500062B47C /* AppAccess.swift */,
			);
			path = App;
			sourceTree = "<group>";
		};
		74D7ADF72A93F3AF00578171 /* Services */ = {
			isa = PBXGroup;
			children = (
				74BA5F5429E5902400C28F2F /* PersonService.swift */,
				74BA5F5629E59A6A00C28F2F /* TransactionService.swift */,
				7467995329B0DC9100339D5C /* Repository.swift */,
			);
			path = Services;
			sourceTree = "<group>";
		};
/* End PBXGroup section */

/* Begin PBXNativeTarget section */
		7402CB82296A099A000BC882 /* Coffeecule */ = {
			isa = PBXNativeTarget;
			buildConfigurationList = 7402CB91296A099C000BC882 /* Build configuration list for PBXNativeTarget "Coffeecule" */;
			buildPhases = (
				7402CB7F296A099A000BC882 /* Sources */,
				7402CB80296A099A000BC882 /* Frameworks */,
				7402CB81296A099A000BC882 /* Resources */,
			);
			buildRules = (
			);
			dependencies = (
			);
			name = Coffeecule;
			productName = Coffeecule;
			productReference = 7402CB83296A099A000BC882 /* Coffeecule.app */;
			productType = "com.apple.product-type.application";
		};
/* End PBXNativeTarget section */

/* Begin PBXProject section */
		7402CB7B296A099A000BC882 /* Project object */ = {
			isa = PBXProject;
			attributes = {
				BuildIndependentTargetsInParallel = 1;
				LastSwiftUpdateCheck = 1430;
				LastUpgradeCheck = 1400;
				TargetAttributes = {
					7402CB82296A099A000BC882 = {
						CreatedOnToolsVersion = 14.0.1;
						LastSwiftMigration = 1410;
					};
				};
			};
			buildConfigurationList = 7402CB7E296A099A000BC882 /* Build configuration list for PBXProject "Coffeecule" */;
			compatibilityVersion = "Xcode 14.0";
			developmentRegion = en;
			hasScannedForEncodings = 0;
			knownRegions = (
				en,
				Base,
			);
			mainGroup = 7402CB7A296A099A000BC882;
			productRefGroup = 7402CB84296A099A000BC882 /* Products */;
			projectDirPath = "";
			projectRoot = "";
			targets = (
				7402CB82296A099A000BC882 /* Coffeecule */,
			);
		};
/* End PBXProject section */

/* Begin PBXResourcesBuildPhase section */
		7402CB81296A099A000BC882 /* Resources */ = {
			isa = PBXResourcesBuildPhase;
			buildActionMask = 2147483647;
			files = (
				7402CB8E296A099C000BC882 /* Preview Assets.xcassets in Resources */,
				7402CB8B296A099C000BC882 /* Assets.xcassets in Resources */,
			);
			runOnlyForDeploymentPostprocessing = 0;
		};
/* End PBXResourcesBuildPhase section */

/* Begin PBXSourcesBuildPhase section */
		7402CB7F296A099A000BC882 /* Sources */ = {
			isa = PBXSourcesBuildPhase;
			buildActionMask = 2147483647;
			files = (
				744C450C29FC5DCE0062B47C /* JoinSheet.swift in Sources */,
				7478C72829E5FCC8006ED737 /* CloudSharingView.swift in Sources */,
				74D9F46B2AAB479900D651B8 /* MugIcon.swift in Sources */,
				7467995C29B0DC9100339D5C /* DEBUGCoffeeculeView.swift in Sources */,
				7467995729B0DC9100339D5C /* CoffeeculeView.swift in Sources */,
				7467995A29B0DC9100339D5C /* ContentView.swift in Sources */,
				7467996729B0DC9100339D5C /* ViewModel.swift in Sources */,
				7467995D29B0DC9100339D5C /* AppDelegate.swift in Sources */,
				744356652A969BE70027A58D /* FetchTask.swift in Sources */,
				74BA5F5729E59A6A00C28F2F /* TransactionService.swift in Sources */,
				5D45F6CE2AAA6EDF00F55F32 /* ChildSizeReader.swift in Sources */,
				74059E672A952BD70080D2B9 /* PersonError.swift in Sources */,
				7413E4202A2A1CA900EFA01E /* ParticipantType.swift in Sources */,
				74D0E6282A30B8B100338009 /* VmCloud.swift in Sources */,
				7467995B29B0DC9100339D5C /* CloudDebug.swift in Sources */,
				74BA5F5C29E5B98500C28F2F /* VMPeople.swift in Sources */,
				7412BA542A30F3EA0003579A /* JoinView.swift in Sources */,
				74059E652A9509270080D2B9 /* CloudError.swift in Sources */,
				744356672A97E65D0027A58D /* HistoryView.swift in Sources */,
				7467996129B0DC9100339D5C /* CloudReadWrite.swift in Sources */,
				5D45F6CC2AAA546900F55F32 /* MemberView.swift in Sources */,
				74D9F46D2AAB47CD00D651B8 /* UserColor.swift in Sources */,
				7467995F29B0DC9100339D5C /* Person.swift in Sources */,
				7412BA562A30F48E0003579A /* CreateView.swift in Sources */,
				7467995829B0DC9100339D5C /* WhosGettingCoffee.swift in Sources */,
				7467996629B0DC9100339D5C /* Repository.swift in Sources */,
				748BE4EA2AAA4D8B00FCA6AE /* EqualWidthVStack.swift in Sources */,
				74BA5F5529E5902400C28F2F /* PersonService.swift in Sources */,
				7467996229B0DC9100339D5C /* DummyReadWrite.swift in Sources */,
				74BA5F5E29E5B98D00C28F2F /* VMTransactions.swift in Sources */,
				74D360652A9D27F50024AC03 /* Date+Extension.swift in Sources */,
				7413E4282A2A3A3A00EFA01E /* Relationship.swift in Sources */,
				744C451029FC63D80062B47C /* OnboardingView.swift in Sources */,
				7478C72A29E5FCE0006ED737 /* SharedContainerDebugView.swift in Sources */,
				74BA5F5329E58FEA00C28F2F /* SceneDelegate.swift in Sources */,
				744C450A29FC53500062B47C /* AppAccess.swift in Sources */,
				748BE4E82AAA0A4600FCA6AE /* RDCoffeeculeView.swift in Sources */,
				744356692A97EBA30027A58D /* AddTransactionView.swift in Sources */,
				7467996329B0DC9100339D5C /* DiskReadWrite.swift in Sources */,
				7467996529B0DC9100339D5C /* Transaction.swift in Sources */,
				74B0AB3729C35021002DA7BD /* Titles.swift in Sources */,
			);
			runOnlyForDeploymentPostprocessing = 0;
		};
/* End PBXSourcesBuildPhase section */

/* Begin XCBuildConfiguration section */
		7402CB8F296A099C000BC882 /* Debug */ = {
			isa = XCBuildConfiguration;
			buildSettings = {
				ALWAYS_SEARCH_USER_PATHS = NO;
				CLANG_ANALYZER_NONNULL = YES;
				CLANG_ANALYZER_NUMBER_OBJECT_CONVERSION = YES_AGGRESSIVE;
				CLANG_CXX_LANGUAGE_STANDARD = "gnu++20";
				CLANG_ENABLE_MODULES = YES;
				CLANG_ENABLE_OBJC_ARC = YES;
				CLANG_ENABLE_OBJC_WEAK = YES;
				CLANG_WARN_BLOCK_CAPTURE_AUTORELEASING = YES;
				CLANG_WARN_BOOL_CONVERSION = YES;
				CLANG_WARN_COMMA = YES;
				CLANG_WARN_CONSTANT_CONVERSION = YES;
				CLANG_WARN_DEPRECATED_OBJC_IMPLEMENTATIONS = YES;
				CLANG_WARN_DIRECT_OBJC_ISA_USAGE = YES_ERROR;
				CLANG_WARN_DOCUMENTATION_COMMENTS = YES;
				CLANG_WARN_EMPTY_BODY = YES;
				CLANG_WARN_ENUM_CONVERSION = YES;
				CLANG_WARN_INFINITE_RECURSION = YES;
				CLANG_WARN_INT_CONVERSION = YES;
				CLANG_WARN_NON_LITERAL_NULL_CONVERSION = YES;
				CLANG_WARN_OBJC_IMPLICIT_RETAIN_SELF = YES;
				CLANG_WARN_OBJC_LITERAL_CONVERSION = YES;
				CLANG_WARN_OBJC_ROOT_CLASS = YES_ERROR;
				CLANG_WARN_QUOTED_INCLUDE_IN_FRAMEWORK_HEADER = YES;
				CLANG_WARN_RANGE_LOOP_ANALYSIS = YES;
				CLANG_WARN_STRICT_PROTOTYPES = YES;
				CLANG_WARN_SUSPICIOUS_MOVE = YES;
				CLANG_WARN_UNGUARDED_AVAILABILITY = YES_AGGRESSIVE;
				CLANG_WARN_UNREACHABLE_CODE = YES;
				CLANG_WARN__DUPLICATE_METHOD_MATCH = YES;
				COPY_PHASE_STRIP = NO;
				DEBUG_INFORMATION_FORMAT = dwarf;
				ENABLE_STRICT_OBJC_MSGSEND = YES;
				ENABLE_TESTABILITY = YES;
				GCC_C_LANGUAGE_STANDARD = gnu11;
				GCC_DYNAMIC_NO_PIC = NO;
				GCC_NO_COMMON_BLOCKS = YES;
				GCC_OPTIMIZATION_LEVEL = 0;
				GCC_PREPROCESSOR_DEFINITIONS = (
					"DEBUG=1",
					"$(inherited)",
				);
				GCC_WARN_64_TO_32_BIT_CONVERSION = YES;
				GCC_WARN_ABOUT_RETURN_TYPE = YES_ERROR;
				GCC_WARN_UNDECLARED_SELECTOR = YES;
				GCC_WARN_UNINITIALIZED_AUTOS = YES_AGGRESSIVE;
				GCC_WARN_UNUSED_FUNCTION = YES;
				GCC_WARN_UNUSED_VARIABLE = YES;
				IPHONEOS_DEPLOYMENT_TARGET = 16.0;
				MTL_ENABLE_DEBUG_INFO = INCLUDE_SOURCE;
				MTL_FAST_MATH = YES;
				ONLY_ACTIVE_ARCH = YES;
				SDKROOT = iphoneos;
				SWIFT_ACTIVE_COMPILATION_CONDITIONS = DEBUG;
				SWIFT_OPTIMIZATION_LEVEL = "-Onone";
			};
			name = Debug;
		};
		7402CB90296A099C000BC882 /* Release */ = {
			isa = XCBuildConfiguration;
			buildSettings = {
				ALWAYS_SEARCH_USER_PATHS = NO;
				CLANG_ANALYZER_NONNULL = YES;
				CLANG_ANALYZER_NUMBER_OBJECT_CONVERSION = YES_AGGRESSIVE;
				CLANG_CXX_LANGUAGE_STANDARD = "gnu++20";
				CLANG_ENABLE_MODULES = YES;
				CLANG_ENABLE_OBJC_ARC = YES;
				CLANG_ENABLE_OBJC_WEAK = YES;
				CLANG_WARN_BLOCK_CAPTURE_AUTORELEASING = YES;
				CLANG_WARN_BOOL_CONVERSION = YES;
				CLANG_WARN_COMMA = YES;
				CLANG_WARN_CONSTANT_CONVERSION = YES;
				CLANG_WARN_DEPRECATED_OBJC_IMPLEMENTATIONS = YES;
				CLANG_WARN_DIRECT_OBJC_ISA_USAGE = YES_ERROR;
				CLANG_WARN_DOCUMENTATION_COMMENTS = YES;
				CLANG_WARN_EMPTY_BODY = YES;
				CLANG_WARN_ENUM_CONVERSION = YES;
				CLANG_WARN_INFINITE_RECURSION = YES;
				CLANG_WARN_INT_CONVERSION = YES;
				CLANG_WARN_NON_LITERAL_NULL_CONVERSION = YES;
				CLANG_WARN_OBJC_IMPLICIT_RETAIN_SELF = YES;
				CLANG_WARN_OBJC_LITERAL_CONVERSION = YES;
				CLANG_WARN_OBJC_ROOT_CLASS = YES_ERROR;
				CLANG_WARN_QUOTED_INCLUDE_IN_FRAMEWORK_HEADER = YES;
				CLANG_WARN_RANGE_LOOP_ANALYSIS = YES;
				CLANG_WARN_STRICT_PROTOTYPES = YES;
				CLANG_WARN_SUSPICIOUS_MOVE = YES;
				CLANG_WARN_UNGUARDED_AVAILABILITY = YES_AGGRESSIVE;
				CLANG_WARN_UNREACHABLE_CODE = YES;
				CLANG_WARN__DUPLICATE_METHOD_MATCH = YES;
				COPY_PHASE_STRIP = NO;
				DEBUG_INFORMATION_FORMAT = "dwarf-with-dsym";
				ENABLE_NS_ASSERTIONS = NO;
				ENABLE_STRICT_OBJC_MSGSEND = YES;
				GCC_C_LANGUAGE_STANDARD = gnu11;
				GCC_NO_COMMON_BLOCKS = YES;
				GCC_WARN_64_TO_32_BIT_CONVERSION = YES;
				GCC_WARN_ABOUT_RETURN_TYPE = YES_ERROR;
				GCC_WARN_UNDECLARED_SELECTOR = YES;
				GCC_WARN_UNINITIALIZED_AUTOS = YES_AGGRESSIVE;
				GCC_WARN_UNUSED_FUNCTION = YES;
				GCC_WARN_UNUSED_VARIABLE = YES;
				IPHONEOS_DEPLOYMENT_TARGET = 16.0;
				MTL_ENABLE_DEBUG_INFO = NO;
				MTL_FAST_MATH = YES;
				SDKROOT = iphoneos;
				SWIFT_COMPILATION_MODE = wholemodule;
				SWIFT_OPTIMIZATION_LEVEL = "-O";
				VALIDATE_PRODUCT = YES;
			};
			name = Release;
		};
		7402CB92296A099C000BC882 /* Debug */ = {
			isa = XCBuildConfiguration;
			buildSettings = {
				ASSETCATALOG_COMPILER_APPICON_NAME = AppIcon;
				ASSETCATALOG_COMPILER_GLOBAL_ACCENT_COLOR_NAME = AccentColor;
				CLANG_ENABLE_MODULES = YES;
				CODE_SIGN_ENTITLEMENTS = Coffeecule/Coffeecule.entitlements;
				CODE_SIGN_IDENTITY = "Apple Development";
				CODE_SIGN_STYLE = Automatic;
				CURRENT_PROJECT_VERSION = 1;
				DEVELOPMENT_ASSET_PATHS = "\"Coffeecule/Preview Content\"";
				DEVELOPMENT_TEAM = 3UR85MK9RT;
				ENABLE_PREVIEWS = YES;
				GENERATE_INFOPLIST_FILE = YES;
				INFOPLIST_FILE = Coffeecule/Info.plist;
				INFOPLIST_KEY_CFBundleDisplayName = Coffeecule;
				INFOPLIST_KEY_UIApplicationSupportsIndirectInputEvents = YES;
				INFOPLIST_KEY_UILaunchScreen_Generation = YES;
				INFOPLIST_KEY_UISupportedInterfaceOrientations_iPad = "UIInterfaceOrientationPortrait UIInterfaceOrientationPortraitUpsideDown UIInterfaceOrientationLandscapeLeft UIInterfaceOrientationLandscapeRight";
				INFOPLIST_KEY_UISupportedInterfaceOrientations_iPhone = "UIInterfaceOrientationPortrait UIInterfaceOrientationLandscapeLeft UIInterfaceOrientationLandscapeRight";
				IPHONEOS_DEPLOYMENT_TARGET = 16.0;
				LD_RUNPATH_SEARCH_PATHS = (
					"$(inherited)",
					"@executable_path/Frameworks",
				);
				MARKETING_VERSION = 0.1.0;
				ONLY_ACTIVE_ARCH = YES;
				PRODUCT_BUNDLE_IDENTIFIER = com.CoryTripathy.Coffeecule;
				PRODUCT_NAME = "$(TARGET_NAME)";
				PROVISIONING_PROFILE_SPECIFIER = "";
				SUPPORTED_PLATFORMS = "iphoneos iphonesimulator";
				SUPPORTS_MACCATALYST = NO;
				SUPPORTS_MAC_DESIGNED_FOR_IPHONE_IPAD = NO;
				SWIFT_EMIT_LOC_STRINGS = YES;
				SWIFT_OPTIMIZATION_LEVEL = "-Onone";
				SWIFT_VERSION = 5.0;
				TARGETED_DEVICE_FAMILY = 1;
			};
			name = Debug;
		};
		7402CB93296A099C000BC882 /* Release */ = {
			isa = XCBuildConfiguration;
			buildSettings = {
				ASSETCATALOG_COMPILER_APPICON_NAME = AppIcon;
				ASSETCATALOG_COMPILER_GLOBAL_ACCENT_COLOR_NAME = AccentColor;
				CLANG_ENABLE_MODULES = YES;
				CODE_SIGN_ENTITLEMENTS = Coffeecule/Coffeecule.entitlements;
				CODE_SIGN_IDENTITY = "Apple Development";
				CODE_SIGN_STYLE = Automatic;
				CURRENT_PROJECT_VERSION = 1;
				DEVELOPMENT_ASSET_PATHS = "\"Coffeecule/Preview Content\"";
				DEVELOPMENT_TEAM = 3UR85MK9RT;
				ENABLE_PREVIEWS = YES;
				GENERATE_INFOPLIST_FILE = YES;
				INFOPLIST_FILE = Coffeecule/Info.plist;
				INFOPLIST_KEY_CFBundleDisplayName = Coffeecule;
				INFOPLIST_KEY_UIApplicationSupportsIndirectInputEvents = YES;
				INFOPLIST_KEY_UILaunchScreen_Generation = YES;
				INFOPLIST_KEY_UISupportedInterfaceOrientations_iPad = "UIInterfaceOrientationPortrait UIInterfaceOrientationPortraitUpsideDown UIInterfaceOrientationLandscapeLeft UIInterfaceOrientationLandscapeRight";
				INFOPLIST_KEY_UISupportedInterfaceOrientations_iPhone = "UIInterfaceOrientationPortrait UIInterfaceOrientationLandscapeLeft UIInterfaceOrientationLandscapeRight";
				IPHONEOS_DEPLOYMENT_TARGET = 16.0;
				LD_RUNPATH_SEARCH_PATHS = (
					"$(inherited)",
					"@executable_path/Frameworks",
				);
				MARKETING_VERSION = 0.1.0;
				ONLY_ACTIVE_ARCH = YES;
				PRODUCT_BUNDLE_IDENTIFIER = com.CoryTripathy.Coffeecule;
				PRODUCT_NAME = "$(TARGET_NAME)";
				PROVISIONING_PROFILE_SPECIFIER = "";
				SUPPORTED_PLATFORMS = "iphoneos iphonesimulator";
				SUPPORTS_MACCATALYST = NO;
				SUPPORTS_MAC_DESIGNED_FOR_IPHONE_IPAD = NO;
				SWIFT_EMIT_LOC_STRINGS = YES;
				SWIFT_VERSION = 5.0;
				TARGETED_DEVICE_FAMILY = 1;
			};
			name = Release;
		};
/* End XCBuildConfiguration section */

/* Begin XCConfigurationList section */
		7402CB7E296A099A000BC882 /* Build configuration list for PBXProject "Coffeecule" */ = {
			isa = XCConfigurationList;
			buildConfigurations = (
				7402CB8F296A099C000BC882 /* Debug */,
				7402CB90296A099C000BC882 /* Release */,
			);
			defaultConfigurationIsVisible = 0;
			defaultConfigurationName = Release;
		};
		7402CB91296A099C000BC882 /* Build configuration list for PBXNativeTarget "Coffeecule" */ = {
			isa = XCConfigurationList;
			buildConfigurations = (
				7402CB92296A099C000BC882 /* Debug */,
				7402CB93296A099C000BC882 /* Release */,
			);
			defaultConfigurationIsVisible = 0;
			defaultConfigurationName = Release;
		};
/* End XCConfigurationList section */
	};
	rootObject = 7402CB7B296A099A000BC882 /* Project object */;
}
